
Microsoft Visual Studio Solution File, Format Version 12.00
# Visual Studio Version 17
VisualStudioVersion = 17.14.36127.28
MinimumVisualStudioVersion = 10.0.40219.1
Project("{2150E333-8FDC-42A3-9474-1A3956D46DE8}") = "Solution Items", "Solution Items", "{8EC462FD-D22E-90A8-E5CE-7E832BA40C5D}"
	ProjectSection(SolutionItems) = preProject
		Directory.build.props = Directory.build.props
	EndProjectSection
EndProject
Project("{FAE04EC0-301F-11D3-BF4B-00C04F79EFBC}") = "Mcp.ImageOptimizer.Tools", "Mcp.ImageOptimizer.Tools\Mcp.ImageOptimizer.Tools.csproj", "{297700D0-BC38-36BE-BC14-5715F6A998CF}"
EndProject
Project("{FAE04EC0-301F-11D3-BF4B-00C04F79EFBC}") = "Mcp.ImageOptimizer.Tools.Tests", "Mcp.ImageOptimizer.Tools.Tests\Mcp.ImageOptimizer.Tools.Tests.csproj", "{4509E24D-69A0-5786-662C-7D9B18523CC6}"
EndProject
Project("{FAE04EC0-301F-11D3-BF4B-00C04F79EFBC}") = "Mcp.ImageOptimizer.Stdio", "Mcp.ImageOptimizer.Stdio\Mcp.ImageOptimizer.Stdio.csproj", "{8326D750-F02D-0C75-978D-D59426F0BFC6}"
EndProject
Project("{FAE04EC0-301F-11D3-BF4B-00C04F79EFBC}") = "Mcp.ImageOptimizer.Azure.Tools", "Mcp.ImageOptimizer.Azure.Tools\Mcp.ImageOptimizer.Azure.Tools.csproj", "{03672DFA-3478-4E22-8F59-96B382350B7D}"
EndProject
Project("{FAE04EC0-301F-11D3-BF4B-00C04F79EFBC}") = "Mcp.ImageOptimizer.Common", "Mcp.ImageOptimizer.Common\Mcp.ImageOptimizer.Common.csproj", "{D55230FA-95CE-4949-9498-77BD736A5A17}"
EndProject
Global
	GlobalSection(SolutionConfigurationPlatforms) = preSolution
		Debug|Any CPU = Debug|Any CPU
		Release|Any CPU = Release|Any CPU
	EndGlobalSection
	GlobalSection(ProjectConfigurationPlatforms) = postSolution
		{297700D0-BC38-36BE-BC14-5715F6A998CF}.Debug|Any CPU.ActiveCfg = Debug|Any CPU
		{297700D0-BC38-36BE-BC14-5715F6A998CF}.Debug|Any CPU.Build.0 = Debug|Any CPU
		{297700D0-BC38-36BE-BC14-5715F6A998CF}.Release|Any CPU.ActiveCfg = Release|Any CPU
		{297700D0-BC38-36BE-BC14-5715F6A998CF}.Release|Any CPU.Build.0 = Release|Any CPU
		{4509E24D-69A0-5786-662C-7D9B18523CC6}.Debug|Any CPU.ActiveCfg = Debug|Any CPU
		{4509E24D-69A0-5786-662C-7D9B18523CC6}.Debug|Any CPU.Build.0 = Debug|Any CPU
		{4509E24D-69A0-5786-662C-7D9B18523CC6}.Release|Any CPU.ActiveCfg = Release|Any CPU
		{4509E24D-69A0-5786-662C-7D9B18523CC6}.Release|Any CPU.Build.0 = Release|Any CPU
		{8326D750-F02D-0C75-978D-D59426F0BFC6}.Debug|Any CPU.ActiveCfg = Debug|Any CPU
		{8326D750-F02D-0C75-978D-D59426F0BFC6}.Debug|Any CPU.Build.0 = Debug|Any CPU
		{8326D750-F02D-0C75-978D-D59426F0BFC6}.Release|Any CPU.ActiveCfg = Release|Any CPU
		{8326D750-F02D-0C75-978D-D59426F0BFC6}.Release|Any CPU.Build.0 = Release|Any CPU
		{03672DFA-3478-4E22-8F59-96B382350B7D}.Debug|Any CPU.ActiveCfg = Debug|Any CPU
		{03672DFA-3478-4E22-8F59-96B382350B7D}.Debug|Any CPU.Build.0 = Debug|Any CPU
		{03672DFA-3478-4E22-8F59-96B382350B7D}.Release|Any CPU.ActiveCfg = Release|Any CPU
		{03672DFA-3478-4E22-8F59-96B382350B7D}.Release|Any CPU.Build.0 = Release|Any CPU
		{D55230FA-95CE-4949-9498-77BD736A5A17}.Debug|Any CPU.ActiveCfg = Debug|Any CPU
		{D55230FA-95CE-4949-9498-77BD736A5A17}.Debug|Any CPU.Build.0 = Debug|Any CPU
		{D55230FA-95CE-4949-9498-77BD736A5A17}.Release|Any CPU.ActiveCfg = Release|Any CPU
		{D55230FA-95CE-4949-9498-77BD736A5A17}.Release|Any CPU.Build.0 = Release|Any CPU
	EndGlobalSection
	GlobalSection(SolutionProperties) = preSolution
		HideSolutionNode = FALSE
	EndGlobalSection
	GlobalSection(ExtensibilityGlobals) = postSolution
		SolutionGuid = {F71F386E-F5A0-4195-B9AA-F87E20A77EDF}
	EndGlobalSection
EndGlobal
